// !$*UTF8*$!
{
	archiveVersion = 1;
	classes = {
	};
	objectVersion = 55;
	objects = {

/* Begin PBXBuildFile section */
		1565EA8528183BAF00F4E719 /* Datos.swift in Sources */ = {isa = PBXBuildFile; fileRef = 1565EA8428183BAF00F4E719 /* Datos.swift */; };
		157A4B83281ADB6100325330 /* celdaListado.swift in Sources */ = {isa = PBXBuildFile; fileRef = 157A4B82281ADB6100325330 /* celdaListado.swift */; };
		157BF9EF2816E8AE00B7395E /* AppDelegate.swift in Sources */ = {isa = PBXBuildFile; fileRef = 157BF9EE2816E8AE00B7395E /* AppDelegate.swift */; };
		157BF9F12816E8AE00B7395E /* SceneDelegate.swift in Sources */ = {isa = PBXBuildFile; fileRef = 157BF9F02816E8AE00B7395E /* SceneDelegate.swift */; };
		157BF9F62816E8AE00B7395E /* Main.storyboard in Resources */ = {isa = PBXBuildFile; fileRef = 157BF9F42816E8AE00B7395E /* Main.storyboard */; };
		157BF9F82816E8B200B7395E /* Assets.xcassets in Resources */ = {isa = PBXBuildFile; fileRef = 157BF9F72816E8B200B7395E /* Assets.xcassets */; };
		157BF9FB2816E8B200B7395E /* LaunchScreen.storyboard in Resources */ = {isa = PBXBuildFile; fileRef = 157BF9F92816E8B200B7395E /* LaunchScreen.storyboard */; };
		157BFA032816EC0D00B7395E /* vListado.swift in Sources */ = {isa = PBXBuildFile; fileRef = 157BFA022816EC0D00B7395E /* vListado.swift */; };
		5507EE6F282742C000CDF891 /* celdaXib.xib in Resources */ = {isa = PBXBuildFile; fileRef = 5507EE6E282742C000CDF891 /* celdaXib.xib */; };
		5507EE71282743B300CDF891 /* celdaXib.swift in Sources */ = {isa = PBXBuildFile; fileRef = 5507EE70282743B300CDF891 /* celdaXib.swift */; };
/* End PBXBuildFile section */

/* Begin PBXFileReference section */
		1565EA8428183BAF00F4E719 /* Datos.swift */ = {isa = PBXFileReference; lastKnownFileType = sourcecode.swift; path = Datos.swift; sourceTree = "<group>"; };
		157A4B82281ADB6100325330 /* celdaListado.swift */ = {isa = PBXFileReference; lastKnownFileType = sourcecode.swift; path = celdaListado.swift; sourceTree = "<group>"; };
		157BF9EB2816E8AE00B7395E /* TableView.app */ = {isa = PBXFileReference; explicitFileType = wrapper.application; includeInIndex = 0; path = TableView.app; sourceTree = BUILT_PRODUCTS_DIR; };
		157BF9EE2816E8AE00B7395E /* AppDelegate.swift */ = {isa = PBXFileReference; lastKnownFileType = sourcecode.swift; path = AppDelegate.swift; sourceTree = "<group>"; };
		157BF9F02816E8AE00B7395E /* SceneDelegate.swift */ = {isa = PBXFileReference; lastKnownFileType = sourcecode.swift; path = SceneDelegate.swift; sourceTree = "<group>"; };
		157BF9F52816E8AE00B7395E /* Base */ = {isa = PBXFileReference; lastKnownFileType = file.storyboard; name = Base; path = Base.lproj/Main.storyboard; sourceTree = "<group>"; };
		157BF9F72816E8B200B7395E /* Assets.xcassets */ = {isa = PBXFileReference; lastKnownFileType = folder.assetcatalog; path = Assets.xcassets; sourceTree = "<group>"; };
		157BF9FA2816E8B200B7395E /* Base */ = {isa = PBXFileReference; lastKnownFileType = file.storyboard; name = Base; path = Base.lproj/LaunchScreen.storyboard; sourceTree = "<group>"; };
		157BF9FC2816E8B200B7395E /* Info.plist */ = {isa = PBXFileReference; lastKnownFileType = text.plist.xml; path = Info.plist; sourceTree = "<group>"; };
		157BFA022816EC0D00B7395E /* vListado.swift */ = {isa = PBXFileReference; lastKnownFileType = sourcecode.swift; path = vListado.swift; sourceTree = "<group>"; };
		5507EE6E282742C000CDF891 /* celdaXib.xib */ = {isa = PBXFileReference; lastKnownFileType = file.xib; path = celdaXib.xib; sourceTree = "<group>"; };
		5507EE70282743B300CDF891 /* celdaXib.swift */ = {isa = PBXFileReference; lastKnownFileType = sourcecode.swift; path = celdaXib.swift; sourceTree = "<group>"; };
/* End PBXFileReference section */

/* Begin PBXFrameworksBuildPhase section */
		157BF9E82816E8AE00B7395E /* Frameworks */ = {
			isa = PBXFrameworksBuildPhase;
			buildActionMask = 2147483647;
			files = (
			);
			runOnlyForDeploymentPostprocessing = 0;
		};
/* End PBXFrameworksBuildPhase section */

/* Begin PBXGroup section */
		157BF9E22816E8AE00B7395E = {
			isa = PBXGroup;
			children = (
				5507EE70282743B300CDF891 /* celdaXib.swift */,
				157A4B82281ADB6100325330 /* celdaListado.swift */,
				1565EA8428183BAF00F4E719 /* Datos.swift */,
				157BFA022816EC0D00B7395E /* vListado.swift */,
				5507EE6E282742C000CDF891 /* celdaXib.xib */,
				157BF9ED2816E8AE00B7395E /* TableView */,
				157BF9EC2816E8AE00B7395E /* Products */,
			);
			sourceTree = "<group>";
			usesTabs = 0;
		};
		157BF9EC2816E8AE00B7395E /* Products */ = {
			isa = PBXGroup;
			children = (
				157BF9EB2816E8AE00B7395E /* TableView.app */,
			);
			name = Products;
			sourceTree = "<group>";
		};
		157BF9ED2816E8AE00B7395E /* TableView */ = {
			isa = PBXGroup;
			children = (
				157BF9EE2816E8AE00B7395E /* AppDelegate.swift */,
				157BF9F02816E8AE00B7395E /* SceneDelegate.swift */,
				157BF9F42816E8AE00B7395E /* Main.storyboard */,
				157BF9F72816E8B200B7395E /* Assets.xcassets */,
				157BF9F92816E8B200B7395E /* LaunchScreen.storyboard */,
				157BF9FC2816E8B200B7395E /* Info.plist */,
			);
			path = TableView;
			sourceTree = "<group>";
		};
/* End PBXGroup section */

/* Begin PBXNativeTarget section */
		157BF9EA2816E8AE00B7395E /* TableView */ = {
			isa = PBXNativeTarget;
			buildConfigurationList = 157BF9FF2816E8B200B7395E /* Build configuration list for PBXNativeTarget "TableView" */;
			buildPhases = (
				157BF9E72816E8AE00B7395E /* Sources */,
				157BF9E82816E8AE00B7395E /* Frameworks */,
				157BF9E92816E8AE00B7395E /* Resources */,
			);
			buildRules = (
			);
			dependencies = (
			);
			name = TableView;
			productName = TableView;
			productReference = 157BF9EB2816E8AE00B7395E /* TableView.app */;
			productType = "com.apple.product-type.application";
		};
/* End PBXNativeTarget section */

/* Begin PBXProject section */
		157BF9E32816E8AE00B7395E /* Project object */ = {
			isa = PBXProject;
			attributes = {
				BuildIndependentTargetsInParallel = 1;
				LastSwiftUpdateCheck = 1330;
				LastUpgradeCheck = 1330;
				TargetAttributes = {
					157BF9EA2816E8AE00B7395E = {
						CreatedOnToolsVersion = 13.3;
					};
				};
			};
			buildConfigurationList = 157BF9E62816E8AE00B7395E /* Build configuration list for PBXProject "TableView" */;
			compatibilityVersion = "Xcode 13.0";
			developmentRegion = en;
			hasScannedForEncodings = 0;
			knownRegions = (
				en,
				Base,
			);
			mainGroup = 157BF9E22816E8AE00B7395E;
			productRefGroup = 157BF9EC2816E8AE00B7395E /* Products */;
			projectDirPath = "";
			projectRoot = "";
			targets = (
				157BF9EA2816E8AE00B7395E /* TableView */,
			);
		};
/* End PBXProject section */

/* Begin PBXResourcesBuildPhase section */
		157BF9E92816E8AE00B7395E /* Resources */ = {
			isa = PBXResourcesBuildPhase;
			buildActionMask = 2147483647;
			files = (
				157BF9FB2816E8B200B7395E /* LaunchScreen.storyboard in Resources */,
				5507EE6F282742C000CDF891 /* celdaXib.xib in Resources */,
				157BF9F82816E8B200B7395E /* Assets.xcassets in Resources */,
				157BF9F62816E8AE00B7395E /* Main.storyboard in Resources */,
			);
			runOnlyForDeploymentPostprocessing = 0;
		};
/* End PBXResourcesBuildPhase section */

/* Begin PBXSourcesBuildPhase section */
		157BF9E72816E8AE00B7395E /* Sources */ = {
			isa = PBXSourcesBuildPhase;
			buildActionMask = 2147483647;
			files = (
				157A4B83281ADB6100325330 /* celdaListado.swift in Sources */,
				157BF9EF2816E8AE00B7395E /* AppDelegate.swift in Sources */,
				1565EA8528183BAF00F4E719 /* Datos.swift in Sources */,
				5507EE71282743B300CDF891 /* celdaXib.swift in Sources */,
				157BF9F12816E8AE00B7395E /* SceneDelegate.swift in Sources */,
				157BFA032816EC0D00B7395E /* vListado.swift in Sources */,
			);
			runOnlyForDeploymentPostprocessing = 0;
		};
/* End PBXSourcesBuildPhase section */

/* Begin PBXVariantGroup section */
		157BF9F42816E8AE00B7395E /* Main.storyboard */ = {
			isa = PBXVariantGroup;
			children = (
				157BF9F52816E8AE00B7395E /* Base */,
			);
			name = Main.storyboard;
			sourceTree = "<group>";
		};
		157BF9F92816E8B200B7395E /* LaunchScreen.storyboard */ = {
			isa = PBXVariantGroup;
			children = (
				157BF9FA2816E8B200B7395E /* Base */,
			);
			name = LaunchScreen.storyboard;
			sourceTree = "<group>";
		};
/* End PBXVariantGroup section */

/* Begin XCBuildConfiguration section */
		157BF9FD2816E8B200B7395E /* Debug */ = {
			isa = XCBuildConfiguration;
			buildSettings = {
				ALWAYS_SEARCH_USER_PATHS = NO;
				CLANG_ANALYZER_NONNULL = YES;
				CLANG_ANALYZER_NUMBER_OBJECT_CONVERSION = YES_AGGRESSIVE;
				CLANG_CXX_LANGUAGE_STANDARD = "gnu++17";
				CLANG_ENABLE_MODULES = YES;
				CLANG_ENABLE_OBJC_ARC = YES;
				CLANG_ENABLE_OBJC_WEAK = YES;
				CLANG_WARN_BLOCK_CAPTURE_AUTORELEASING = YES;
				CLANG_WARN_BOOL_CONVERSION = YES;
				CLANG_WARN_COMMA = YES;
				CLANG_WARN_CONSTANT_CONVERSION = YES;
				CLANG_WARN_DEPRECATED_OBJC_IMPLEMENTATIONS = YES;
				CLANG_WARN_DIRECT_OBJC_ISA_USAGE = YES_ERROR;
				CLANG_WARN_DOCUMENTATION_COMMENTS = YES;
				CLANG_WARN_EMPTY_BODY = YES;
				CLANG_WARN_ENUM_CONVERSION = YES;
				CLANG_WARN_INFINITE_RECURSION = YES;
				CLANG_WARN_INT_CONVERSION = YES;
				CLANG_WARN_NON_LITERAL_NULL_CONVERSION = YES;
				CLANG_WARN_OBJC_IMPLICIT_RETAIN_SELF = YES;
				CLANG_WARN_OBJC_LITERAL_CONVERSION = YES;
				CLANG_WARN_OBJC_ROOT_CLASS = YES_ERROR;
				CLANG_WARN_QUOTED_INCLUDE_IN_FRAMEWORK_HEADER = YES;
				CLANG_WARN_RANGE_LOOP_ANALYSIS = YES;
				CLANG_WARN_STRICT_PROTOTYPES = YES;
				CLANG_WARN_SUSPICIOUS_MOVE = YES;
				CLANG_WARN_UNGUARDED_AVAILABILITY = YES_AGGRESSIVE;
				CLANG_WARN_UNREACHABLE_CODE = YES;
				CLANG_WARN__DUPLICATE_METHOD_MATCH = YES;
				COPY_PHASE_STRIP = NO;
				DEBUG_INFORMATION_FORMAT = dwarf;
				ENABLE_STRICT_OBJC_MSGSEND = YES;
				ENABLE_TESTABILITY = YES;
				GCC_C_LANGUAGE_STANDARD = gnu11;
				GCC_DYNAMIC_NO_PIC = NO;
				GCC_NO_COMMON_BLOCKS = YES;
				GCC_OPTIMIZATION_LEVEL = 0;
				GCC_PREPROCESSOR_DEFINITIONS = (
					"DEBUG=1",
					"$(inherited)",
				);
				GCC_WARN_64_TO_32_BIT_CONVERSION = YES;
				GCC_WARN_ABOUT_RETURN_TYPE = YES_ERROR;
				GCC_WARN_UNDECLARED_SELECTOR = YES;
				GCC_WARN_UNINITIALIZED_AUTOS = YES_AGGRESSIVE;
				GCC_WARN_UNUSED_FUNCTION = YES;
				GCC_WARN_UNUSED_VARIABLE = YES;
				IPHONEOS_DEPLOYMENT_TARGET = 15.4;
				MTL_ENABLE_DEBUG_INFO = INCLUDE_SOURCE;
				MTL_FAST_MATH = YES;
				ONLY_ACTIVE_ARCH = YES;
				SDKROOT = iphoneos;
				SWIFT_ACTIVE_COMPILATION_CONDITIONS = DEBUG;
				SWIFT_OPTIMIZATION_LEVEL = "-Onone";
			};
			name = Debug;
		};
		157BF9FE2816E8B200B7395E /* Release */ = {
			isa = XCBuildConfiguration;
			buildSettings = {
				ALWAYS_SEARCH_USER_PATHS = NO;
				CLANG_ANALYZER_NONNULL = YES;
				CLANG_ANALYZER_NUMBER_OBJECT_CONVERSION = YES_AGGRESSIVE;
				CLANG_CXX_LANGUAGE_STANDARD = "gnu++17";
				CLANG_ENABLE_MODULES = YES;
				CLANG_ENABLE_OBJC_ARC = YES;
				CLANG_ENABLE_OBJC_WEAK = YES;
				CLANG_WARN_BLOCK_CAPTURE_AUTORELEASING = YES;
				CLANG_WARN_BOOL_CONVERSION = YES;
				CLANG_WARN_COMMA = YES;
				CLANG_WARN_CONSTANT_CONVERSION = YES;
				CLANG_WARN_DEPRECATED_OBJC_IMPLEMENTATIONS = YES;
				CLANG_WARN_DIRECT_OBJC_ISA_USAGE = YES_ERROR;
				CLANG_WARN_DOCUMENTATION_COMMENTS = YES;
				CLANG_WARN_EMPTY_BODY = YES;
				CLANG_WARN_ENUM_CONVERSION = YES;
				CLANG_WARN_INFINITE_RECURSION = YES;
				CLANG_WARN_INT_CONVERSION = YES;
				CLANG_WARN_NON_LITERAL_NULL_CONVERSION = YES;
				CLANG_WARN_OBJC_IMPLICIT_RETAIN_SELF = YES;
				CLANG_WARN_OBJC_LITERAL_CONVERSION = YES;
				CLANG_WARN_OBJC_ROOT_CLASS = YES_ERROR;
				CLANG_WARN_QUOTED_INCLUDE_IN_FRAMEWORK_HEADER = YES;
				CLANG_WARN_RANGE_LOOP_ANALYSIS = YES;
				CLANG_WARN_STRICT_PROTOTYPES = YES;
				CLANG_WARN_SUSPICIOUS_MOVE = YES;
				CLANG_WARN_UNGUARDED_AVAILABILITY = YES_AGGRESSIVE;
				CLANG_WARN_UNREACHABLE_CODE = YES;
				CLANG_WARN__DUPLICATE_METHOD_MATCH = YES;
				COPY_PHASE_STRIP = NO;
				DEBUG_INFORMATION_FORMAT = "dwarf-with-dsym";
				ENABLE_NS_ASSERTIONS = NO;
				ENABLE_STRICT_OBJC_MSGSEND = YES;
				GCC_C_LANGUAGE_STANDARD = gnu11;
				GCC_NO_COMMON_BLOCKS = YES;
				GCC_WARN_64_TO_32_BIT_CONVERSION = YES;
				GCC_WARN_ABOUT_RETURN_TYPE = YES_ERROR;
				GCC_WARN_UNDECLARED_SELECTOR = YES;
				GCC_WARN_UNINITIALIZED_AUTOS = YES_AGGRESSIVE;
				GCC_WARN_UNUSED_FUNCTION = YES;
				GCC_WARN_UNUSED_VARIABLE = YES;
				IPHONEOS_DEPLOYMENT_TARGET = 15.4;
				MTL_ENABLE_DEBUG_INFO = NO;
				MTL_FAST_MATH = YES;
				SDKROOT = iphoneos;
				SWIFT_COMPILATION_MODE = wholemodule;
				SWIFT_OPTIMIZATION_LEVEL = "-O";
				VALIDATE_PRODUCT = YES;
			};
			name = Release;
		};
		157BFA002816E8B200B7395E /* Debug */ = {
			isa = XCBuildConfiguration;
			buildSettings = {
				ASSETCATALOG_COMPILER_APPICON_NAME = AppIcon;
				ASSETCATALOG_COMPILER_GLOBAL_ACCENT_COLOR_NAME = AccentColor;
				CODE_SIGN_STYLE = Automatic;
				CURRENT_PROJECT_VERSION = 1;
				GENERATE_INFOPLIST_FILE = YES;
				INFOPLIST_FILE = TableView/Info.plist;
				INFOPLIST_KEY_UIApplicationSupportsIndirectInputEvents = YES;
				INFOPLIST_KEY_UILaunchStoryboardName = LaunchScreen;
				INFOPLIST_KEY_UIMainStoryboardFile = Main;
				INFOPLIST_KEY_UISupportedInterfaceOrientations_iPad = "UIInterfaceOrientationPortrait UIInterfaceOrientationPortraitUpsideDown UIInterfaceOrientationLandscapeLeft UIInterfaceOrientationLandscapeRight";
				INFOPLIST_KEY_UISupportedInterfaceOrientations_iPhone = "UIInterfaceOrientationPortrait UIInterfaceOrientationLandscapeLeft UIInterfaceOrientationLandscapeRight";
				IPHONEOS_DEPLOYMENT_TARGET = 14.2;
				LD_RUNPATH_SEARCH_PATHS = (
					"$(inherited)",
					"@executable_path/Frameworks",
				);
				MARKETING_VERSION = 1.0;
				PRODUCT_BUNDLE_IDENTIFIER = edu.TableView;
				PRODUCT_NAME = "$(TARGET_NAME)";
				SWIFT_EMIT_LOC_STRINGS = YES;
				SWIFT_VERSION = 5.0;
				TARGETED_DEVICE_FAMILY = "1,2";
			};
			name = Debug;
		};
		157BFA012816E8B200B7395E /* Release */ = {
			isa = XCBuildConfiguration;
			buildSettings = {
				ASSETCATALOG_COMPILER_APPICON_NAME = AppIcon;
				ASSETCATALOG_COMPILER_GLOBAL_ACCENT_COLOR_NAME = AccentColor;
				CODE_SIGN_IDENTITY = "Apple Development";
				CODE_SIGN_STYLE = Automatic;
				CURRENT_PROJECT_VERSION = 1;
				DEVELOPMENT_TEAM = "";
				GENERATE_INFOPLIST_FILE = YES;
				INFOPLIST_FILE = TableView/Info.plist;
				INFOPLIST_KEY_UIApplicationSupportsIndirectInputEvents = YES;
				INFOPLIST_KEY_UILaunchStoryboardName = LaunchScreen;
				INFOPLIST_KEY_UIMainStoryboardFile = Main;
				INFOPLIST_KEY_UISupportedInterfaceOrientations_iPad = "UIInterfaceOrientationPortrait UIInterfaceOrientationPortraitUpsideDown UIInterfaceOrientationLandscapeLeft UIInterfaceOrientationLandscapeRight";
				INFOPLIST_KEY_UISupportedInterfaceOrientations_iPhone = "UIInterfaceOrientationPortrait UIInterfaceOrientationLandscapeLeft UIInterfaceOrientationLandscapeRight";
				IPHONEOS_DEPLOYMENT_TARGET = 14.2;
				LD_RUNPATH_SEARCH_PATHS = (
					"$(inherited)",
					"@executable_path/Frameworks",
				);
				MARKETING_VERSION = 1.0;
				PRODUCT_BUNDLE_IDENTIFIER = edu.TableView;
				PRODUCT_NAME = "$(TARGET_NAME)";
				PROVISIONING_PROFILE_SPECIFIER = "";
				SWIFT_EMIT_LOC_STRINGS = YES;
				SWIFT_VERSION = 5.0;
				TARGETED_DEVICE_FAMILY = "1,2";
			};
			name = Release;
		};
/* End XCBuildConfiguration section */

/* Begin XCConfigurationList section */
		157BF9E62816E8AE00B7395E /* Build configuration list for PBXProject "TableView" */ = {
			isa = XCConfigurationList;
			buildConfigurations = (
				157BF9FD2816E8B200B7395E /* Debug */,
				157BF9FE2816E8B200B7395E /* Release */,
			);
			defaultConfigurationIsVisible = 0;
			defaultConfigurationName = Release;
		};
		157BF9FF2816E8B200B7395E /* Build configuration list for PBXNativeTarget "TableView" */ = {
			isa = XCConfigurationList;
			buildConfigurations = (
				157BFA002816E8B200B7395E /* Debug */,
				157BFA012816E8B200B7395E /* Release */,
			);
			defaultConfigurationIsVisible = 0;
			defaultConfigurationName = Release;
		};
/* End XCConfigurationList section */
	};
	rootObject = 157BF9E32816E8AE00B7395E /* Project object */;
}
